<?xml version="1.0" encoding="utf-8"?>
<Project ToolsVersion="4.0" xmlns="http://schemas.microsoft.com/developer/msbuild/2003">
  <ItemGroup>
    <Filter Include="Source Files">
      <UniqueIdentifier>{4FC737F1-C7A5-4376-A066-2A32D752A2FF}</UniqueIdentifier>
      <Extensions>cpp;c;cc;cxx;c++;cppm;ixx;def;odl;idl;hpj;bat;asm;asmx</Extensions>
    </Filter>
    <Filter Include="Header Files">
      <UniqueIdentifier>{93995380-89BD-4b04-88EB-625FBE52EBFB}</UniqueIdentifier>
      <Extensions>h;hh;hpp;hxx;h++;hm;inl;inc;ipp;xsd</Extensions>
    </Filter>
    <Filter Include="Resource Files">
      <UniqueIdentifier>{67DA6AB6-F800-4c08-8B7A-83BB121AAD01}</UniqueIdentifier>
      <Extensions>rc;ico;cur;bmp;dlg;rc2;rct;bin;rgs;gif;jpg;jpeg;jpe;resx;tiff;tif;png;wav;mfcribbon-ms</Extensions>
    </Filter>
  </ItemGroup>
  <ItemGroup>
    <ClInclude Include="src\Game.h">
      <Filter>Header Files</Filter>
    </ClInclude>
    <ClInclude Include="src\Utils\GameConstants.h">
      <Filter>Header Files</Filter>
    </ClInclude>
    <ClInclude Include="src\Utils\SpatialHash.h">
      <Filter>Header Files</Filter>
    </ClInclude>
    <ClInclude Include="src\Scenes\GameScene.h">
      <Filter>Header Files</Filter>
    </ClInclude>
    <ClInclude Include="src\Scenes\Scene.h">
      <Filter>Header Files</Filter>
    </ClInclude>
    <ClInclude Include="src\Scenes\SceneManager.h">
      <Filter>Header Files</Filter>
    </ClInclude>
    <ClInclude Include="src\ECS\Coordinator.h">
      <Filter>Header Files</Filter>
    </ClInclude>
    <ClInclude Include="src\ECS\Component\AudioComponent.h">
      <Filter>Header Files</Filter>
    </ClInclude>
    <ClInclude Include="src\ECS\Component\CollisionComponent.h">
      <Filter>Header Files</Filter>
    </ClInclude>
    <ClInclude Include="src\ECS\ComponentManager.h">
      <Filter>Header Files</Filter>
    </ClInclude>
    <ClInclude Include="src\ECS\Component\PositionComponent.h">
      <Filter>Header Files</Filter>
    </ClInclude>
    <ClInclude Include="src\ECS\Component\SpriteComponent.h">
      <Filter>Header Files</Filter>
    </ClInclude>
    <ClInclude Include="src\ECS\Component\TextComponent.h">
      <Filter>Header Files</Filter>
    </ClInclude>
    <ClInclude Include="src\ECS\Component\VelocityComponent.h">
      <Filter>Header Files</Filter>
    </ClInclude>
    <ClInclude Include="src\ECS\Entity\Entity.h">
      <Filter>Header Files</Filter>
    </ClInclude>
    <ClInclude Include="src\ECS\EntityManager.h">
      <Filter>Header Files</Filter>
    </ClInclude>
    <ClInclude Include="src\ECS\System\AudioSystem.h">
      <Filter>Header Files</Filter>
    </ClInclude>
    <ClInclude Include="src\ECS\System\CollisionSystem.h">
      <Filter>Header Files</Filter>
    </ClInclude>
    <ClInclude Include="src\ECS\System\MovementSystem.h">
      <Filter>Header Files</Filter>
    </ClInclude>
    <ClInclude Include="src\ECS\System\SpriteSystem.h">
      <Filter>Header Files</Filter>
    </ClInclude>
    <ClInclude Include="src\ECS\System\System.h">
      <Filter>Header Files</Filter>
    </ClInclude>
    <ClInclude Include="src\ECS\SystemManager.h">
      <Filter>Header Files</Filter>
    </ClInclude>
    <ClInclude Include="src\ECS\System\TextSystem.h">
      <Filter>Header Files</Filter>
    </ClInclude>
    <ClInclude Include="src\ECS\Component\InputComponent.h">
      <Filter>Header Files</Filter>
    </ClInclude>
    <ClInclude Include="src\ECS\System\InputSystem.h">
      <Filter>Header Files</Filter>
    </ClInclude>
    <ClInclude Include="src\Scenes\MainMenuScene.h">
      <Filter>Header Files</Filter>
    </ClInclude>
    <ClInclude Include="src\ECS\Component\Background\TileBackgroundComponent.h">
      <Filter>Header Files</Filter>
    </ClInclude>
    <ClInclude Include="src\ECS\System\Background\ParallaxBackgroundSystem.h">
      <Filter>Header Files</Filter>
    </ClInclude>
    <ClInclude Include="src\ECS\Component\Background\SolidColorBackgroundComponent.h">
      <Filter>Header Files</Filter>
    </ClInclude>
    <ClInclude Include="src\ECS\Component\Background\ImageBackgroundComponent.h">
      <Filter>Header Files</Filter>
    </ClInclude>
    <ClInclude Include="src\ECS\Component\Background\ParallaxLayer.h">
      <Filter>Header Files</Filter>
    </ClInclude>
    <ClInclude Include="src\ECS\Component\Background\ParallaxBackgroundComponent.h">
      <Filter>Header Files</Filter>
    </ClInclude>
    <ClInclude Include="src\ECS\System\Background\TileBackgroundSystem.h">
      <Filter>Header Files</Filter>
    </ClInclude>
    <ClInclude Include="src\ECS\System\Background\SolidColorBackgroundSystem.h">
      <Filter>Header Files</Filter>
    </ClInclude>
    <ClInclude Include="src\ECS\System\Background\ImageBackgroundSystem.h">
      <Filter>Header Files</Filter>
    </ClInclude>
    <ClInclude Include="src\ECS\Entity\BackgroundEntity.h">
      <Filter>Header Files</Filter>
    </ClInclude>
    <ClInclude Include="src\Utils\TextureManager.h">
      <Filter>Header Files</Filter>
    </ClInclude>
    <ClInclude Include="src\ECS\Entity\PaddleEntity.h">
      <Filter>Header Files</Filter>
    </ClInclude>
    <ClInclude Include="src\ECS\Entity\BallEntity.h">
      <Filter>Header Files</Filter>
    </ClInclude>
    <ClInclude Include="src\ECS\System\AnimationSystem.h">
      <Filter>Header Files</Filter>
    </ClInclude>
    <ClInclude Include="src\ECS\Entity\AnimatedEntity.h">
      <Filter>Header Files</Filter>
    </ClInclude>
    <ClInclude Include="src\ECS\Component\AnimationComponent.h">
      <Filter>Header Files</Filter>
    </ClInclude>
    <ClInclude Include="src\ECS\Entity\AudioEntity.h">
      <Filter>Header Files</Filter>
    </ClInclude>
    <ClInclude Include="src\ECS\Entity\TextEntity.h">
      <Filter>Header Files</Filter>
    </ClInclude>
    <ClInclude Include="src\Utils\AudioManager.h">
      <Filter>Header Files</Filter>
    </ClInclude>
    <ClInclude Include="src\Utils\FontManager.h">
      <Filter>Header Files</Filter>
    </ClInclude>
    <ClInclude Include="src\ECS\Component\PathComponent.h">
      <Filter>Header Files</Filter>
    </ClInclude>
    <ClInclude Include="src\ECS\System\PathSystem.h">
      <Filter>Header Files</Filter>
    </ClInclude>
    <ClInclude Include="src\Utils\Events.h">
      <Filter>Header Files</Filter>
    </ClInclude>
    <ClInclude Include="src\ECS\Entity\BrickEntity.h">
      <Filter>Header Files</Filter>
    </ClInclude>
  </ItemGroup>
  <ItemGroup>
    <ClCompile Include="src\Game.cpp">
      <Filter>Source Files</Filter>
    </ClCompile>
    <ClCompile Include="src\main.cpp">
      <Filter>Source Files</Filter>
    </ClCompile>
  </ItemGroup>
  <ItemGroup>
    <None Include=".gitignore" />
    <None Include="README.md" />
    <None Include="vcpkg.json" />
  </ItemGroup>
</Project>