<?xml version="1.0" encoding="utf-8"?>
<Project ToolsVersion="4.0" xmlns="http://schemas.microsoft.com/developer/msbuild/2003">
  <ItemGroup>
    <None Include="CMakeLists.txt" />
    <None Include=".gitignore" />
    <None Include="README.md" />
    <None Include="vcpkg.json" />
    <None Include="config.json" />
  </ItemGroup>
  <ItemGroup>
    <ClCompile Include="src\main.cpp" />
    <ClCompile Include="src\Core\Window.cpp" />
  </ItemGroup>
  <ItemGroup>
    <ClInclude Include="src\Core\Component\AnimationComponent.h" />
    <ClInclude Include="src\Core\Component\AudioComponent.h" />
    <ClInclude Include="src\Core\Component\Background\Background.h" />
    <ClInclude Include="src\Core\Component\Background\ImageBackgroundComponent.h" />
    <ClInclude Include="src\Core\Component\Background\ParallaxBackgroundComponent.h" />
    <ClInclude Include="src\Core\Component\Background\ParallaxLayer.h" />
    <ClInclude Include="src\Core\Component\Background\SolidColorBackgroundComponent.h" />
    <ClInclude Include="src\Core\Component\Background\TileBackgroundComponent.h" />
    <ClInclude Include="src\Core\Component\BaseComponent.h" />
    <ClInclude Include="src\Core\Component\InputComponent.h" />
    <ClInclude Include="src\Core\Component\PathComponent.h" />
    <ClInclude Include="src\Core\Component\RigidBodyComponent.h" />
    <ClInclude Include="src\Core\Component\SpriteComponent.h" />
    <ClInclude Include="src\Core\Component\TextComponent.h" />
    <ClInclude Include="src\Core\Component\TransformComponent.h" />
    <ClInclude Include="src\Core\Entity\AnimatedEntity.h" />
    <ClInclude Include="src\Core\Entity\AudioEntity.h" />
    <ClInclude Include="src\Core\Entity\BackgroundEntity.h" />
    <ClInclude Include="src\Core\Entity\Entity.h" />
    <ClInclude Include="src\Core\Entity\TextEntity.h" />
    <ClInclude Include="src\Core\Core.h" />
    <ClInclude Include="src\Core\Manager\AudioManager.h" />
    <ClInclude Include="src\Core\Manager\ComponentManager.h" />
    <ClInclude Include="src\Core\Manager\EntityManager.h" />
    <ClInclude Include="src\Core\Manager\FontManager.h" />
    <ClInclude Include="src\Core\Manager\SceneManager.h" />
    <ClInclude Include="src\Core\Manager\SystemManager.h" />
    <ClInclude Include="src\Core\Manager\TextureManager.h" />
    <ClInclude Include="src\Core\Scene.h" />
    <ClInclude Include="src\Core\System\AnimationSystem.h" />
    <ClInclude Include="src\Core\System\AudioSystem.h" />
    <ClInclude Include="src\Core\System\Background\Background.h" />
    <ClInclude Include="src\Core\System\Background\ImageBackgroundSystem.h" />
    <ClInclude Include="src\Core\System\Background\ParallaxBackgroundSystem.h" />
    <ClInclude Include="src\Core\System\Background\SolidColorBackgroundSystem.h" />
    <ClInclude Include="src\Core\System\Background\TileBackgroundSystem.h" />
    <ClInclude Include="src\Core\System\BaseSystem.h" />
    <ClInclude Include="src\Core\System\InputSystem.h" />
    <ClInclude Include="src\Core\System\PathSystem.h" />
    <ClInclude Include="src\Core\System\PhysicsSystem.h" />
    <ClInclude Include="src\Core\System\SpriteSystem.h" />
    <ClInclude Include="src\Core\System\System.h" />
    <ClInclude Include="src\Core\System\TextSystem.h" />
    <ClInclude Include="src\Core\Coordinator.h" />
    <ClInclude Include="src\Core\Utils\CoreConstants.h" />
    <ClInclude Include="src\Core\Utils\CoreEnums.h" />
    <ClInclude Include="src\Core\Utils\CollisionDetection.h" />
    <ClInclude Include="src\Core\Utils\QuadTree.h" />
    <ClInclude Include="src\Core\Utils\SpatialHash.h" />
    <ClInclude Include="src\Core\Utils\Vec2.h" />
    <ClInclude Include="src\Core\Window.h" />
    <ClInclude Include="src\ArkaPong\Entities\BallEntity.h" />
    <ClInclude Include="src\ArkaPong\Entities\BrickEntity.h" />
    <ClInclude Include="src\ArkaPong\Entities\PaddleEntity.h" />
    <ClInclude Include="src\ArkaPong\Scenes\GameScene.h" />
    <ClInclude Include="src\ArkaPong\Scenes\MainMenuScene.h" />
    <ClInclude Include="src\ArkaPong\Utils\BrickUtils.h" />
    <ClInclude Include="src\ArkaPong\Utils\GameConstants.h" />
    <ClInclude Include="src\ArkaPong\Utils\GameEnums.h" />
    <ClInclude Include="src\third_party\json.hpp" />
    <ClInclude Include="src\third_party\json_fwd.hpp" />
    <ClInclude Include="src\Core\Utils\Configuration.h" />
  </ItemGroup>
</Project>